{
  "name": "poemui-home-app",
  "lockfileVersion": 3,
  "requires": true,
  "packages": {
    "": {
      "name": "poemui-home-app",
      "dependencies": {
        "poemui-miniprogram": "file:.."
      }
    },
    "..": {
      "name": "poemui-miniprogram",
      "version": "0.1.3",
      "license": "MIT",
      "devDependencies": {
        "lucide-static": "1.24.0",
        "makerjs": "0.19.2",
        "svg-path-commander": "2.2.1",
        "svg2ttf": "6.1.0",
        "wawoff2": "2.0.1"
      },
      "engines": {
        "node": ">=16"
      }
    },
    "node_modules/poemui-miniprogram": {
      "resolved": "..",
      "link": true
    }
  }
}
